// !$*UTF8*$!
{
	archiveVersion = 1;
	classes = {
	};
	objectVersion = 51;
	objects = {

/* Begin PBXBuildFile section */
		1F577AC00114206793B6CFF5 /* Pods_rxMemo.framework in Frameworks */ = {isa = PBXBuildFile; fileRef = 499DF2EB9138799F56ADAFBB /* Pods_rxMemo.framework */; };
		73215E3124E22FC20063591C /* AppDelegate.swift in Sources */ = {isa = PBXBuildFile; fileRef = 73215E3024E22FC20063591C /* AppDelegate.swift */; };
		73215E3324E22FC20063591C /* SceneDelegate.swift in Sources */ = {isa = PBXBuildFile; fileRef = 73215E3224E22FC20063591C /* SceneDelegate.swift */; };
		73215E3824E22FC20063591C /* Main.storyboard in Resources */ = {isa = PBXBuildFile; fileRef = 73215E3624E22FC20063591C /* Main.storyboard */; };
		73215E3B24E22FC20063591C /* rxMemo.xcdatamodeld in Sources */ = {isa = PBXBuildFile; fileRef = 73215E3924E22FC20063591C /* rxMemo.xcdatamodeld */; };
		73215E3D24E22FC40063591C /* Assets.xcassets in Resources */ = {isa = PBXBuildFile; fileRef = 73215E3C24E22FC40063591C /* Assets.xcassets */; };
		73215E4024E22FC40063591C /* LaunchScreen.storyboard in Resources */ = {isa = PBXBuildFile; fileRef = 73215E3E24E22FC40063591C /* LaunchScreen.storyboard */; };
		7357773625104C9F00EAC3C0 /* MemoryStorage.swift in Sources */ = {isa = PBXBuildFile; fileRef = 7357773525104C9F00EAC3C0 /* MemoryStorage.swift */; };
		73577738251051F100EAC3C0 /* MemoListViewController.swift in Sources */ = {isa = PBXBuildFile; fileRef = 73577737251051F100EAC3C0 /* MemoListViewController.swift */; };
		7357773A2510523100EAC3C0 /* MemoDetailViewController.swift in Sources */ = {isa = PBXBuildFile; fileRef = 735777392510523100EAC3C0 /* MemoDetailViewController.swift */; };
		7357773C2510525A00EAC3C0 /* MemoComposeViewController.swift in Sources */ = {isa = PBXBuildFile; fileRef = 7357773B2510525A00EAC3C0 /* MemoComposeViewController.swift */; };
		7357774B251061E900EAC3C0 /* MemoListViewModel.swift in Sources */ = {isa = PBXBuildFile; fileRef = 7357774A251061E900EAC3C0 /* MemoListViewModel.swift */; };
		7357774D2510622100EAC3C0 /* MemoDetailViewModel.swift in Sources */ = {isa = PBXBuildFile; fileRef = 7357774C2510622100EAC3C0 /* MemoDetailViewModel.swift */; };
		735777512510624900EAC3C0 /* MemoComposeViewModel.swift in Sources */ = {isa = PBXBuildFile; fileRef = 735777502510624900EAC3C0 /* MemoComposeViewModel.swift */; };
		735777532510626600EAC3C0 /* ViewModelBindableType.swift in Sources */ = {isa = PBXBuildFile; fileRef = 735777522510626600EAC3C0 /* ViewModelBindableType.swift */; };
		735777552510641900EAC3C0 /* TransitionModel.swift in Sources */ = {isa = PBXBuildFile; fileRef = 735777542510641900EAC3C0 /* TransitionModel.swift */; };
		735777572510649700EAC3C0 /* Scene.swift in Sources */ = {isa = PBXBuildFile; fileRef = 735777562510649700EAC3C0 /* Scene.swift */; };
		7357775925106C9800EAC3C0 /* SceneCoordinatorType.swift in Sources */ = {isa = PBXBuildFile; fileRef = 7357775825106C9800EAC3C0 /* SceneCoordinatorType.swift */; };
		7357775B25106D7900EAC3C0 /* SceneCoordinator.swift in Sources */ = {isa = PBXBuildFile; fileRef = 7357775A25106D7900EAC3C0 /* SceneCoordinator.swift */; };
		7357775D2510715200EAC3C0 /* CommonViewModel.swift in Sources */ = {isa = PBXBuildFile; fileRef = 7357775C2510715200EAC3C0 /* CommonViewModel.swift */; };
		737B1A4E251044FF001812D8 /* Memo.swift in Sources */ = {isa = PBXBuildFile; fileRef = 737B1A4D251044FF001812D8 /* Memo.swift */; };
		737B1A502510460C001812D8 /* MemoStorageType.swift in Sources */ = {isa = PBXBuildFile; fileRef = 737B1A4F2510460C001812D8 /* MemoStorageType.swift */; };
		73C9EB6E2524713200EA65BD /* MemoImageViewModel.swift in Sources */ = {isa = PBXBuildFile; fileRef = 73C9EB6D2524713200EA65BD /* MemoImageViewModel.swift */; };
		73C9EB72252476AE00EA65BD /* MemoImageViewViewController.swift in Sources */ = {isa = PBXBuildFile; fileRef = 73C9EB71252476AE00EA65BD /* MemoImageViewViewController.swift */; };
/* End PBXBuildFile section */

/* Begin PBXFileReference section */
		1E9B1714E40F118EBC60147B /* Pods-rxMemo.debug.xcconfig */ = {isa = PBXFileReference; includeInIndex = 1; lastKnownFileType = text.xcconfig; name = "Pods-rxMemo.debug.xcconfig"; path = "Target Support Files/Pods-rxMemo/Pods-rxMemo.debug.xcconfig"; sourceTree = "<group>"; };
		40CB8C0E51D1540FF87A92B5 /* Pods-rxMemo.release.xcconfig */ = {isa = PBXFileReference; includeInIndex = 1; lastKnownFileType = text.xcconfig; name = "Pods-rxMemo.release.xcconfig"; path = "Target Support Files/Pods-rxMemo/Pods-rxMemo.release.xcconfig"; sourceTree = "<group>"; };
		499DF2EB9138799F56ADAFBB /* Pods_rxMemo.framework */ = {isa = PBXFileReference; explicitFileType = wrapper.framework; includeInIndex = 0; path = Pods_rxMemo.framework; sourceTree = BUILT_PRODUCTS_DIR; };
		73215E2D24E22FC20063591C /* rxMemo.app */ = {isa = PBXFileReference; explicitFileType = wrapper.application; includeInIndex = 0; path = rxMemo.app; sourceTree = BUILT_PRODUCTS_DIR; };
		73215E3024E22FC20063591C /* AppDelegate.swift */ = {isa = PBXFileReference; lastKnownFileType = sourcecode.swift; path = AppDelegate.swift; sourceTree = "<group>"; };
		73215E3224E22FC20063591C /* SceneDelegate.swift */ = {isa = PBXFileReference; lastKnownFileType = sourcecode.swift; path = SceneDelegate.swift; sourceTree = "<group>"; };
		73215E3724E22FC20063591C /* Base */ = {isa = PBXFileReference; lastKnownFileType = file.storyboard; name = Base; path = Base.lproj/Main.storyboard; sourceTree = "<group>"; };
		73215E3A24E22FC20063591C /* rxMemo.xcdatamodel */ = {isa = PBXFileReference; lastKnownFileType = wrapper.xcdatamodel; path = rxMemo.xcdatamodel; sourceTree = "<group>"; };
		73215E3C24E22FC40063591C /* Assets.xcassets */ = {isa = PBXFileReference; lastKnownFileType = folder.assetcatalog; path = Assets.xcassets; sourceTree = "<group>"; };
		73215E3F24E22FC40063591C /* Base */ = {isa = PBXFileReference; lastKnownFileType = file.storyboard; name = Base; path = Base.lproj/LaunchScreen.storyboard; sourceTree = "<group>"; };
		73215E4124E22FC40063591C /* Info.plist */ = {isa = PBXFileReference; lastKnownFileType = text.plist.xml; path = Info.plist; sourceTree = "<group>"; };
		7357773525104C9F00EAC3C0 /* MemoryStorage.swift */ = {isa = PBXFileReference; lastKnownFileType = sourcecode.swift; path = MemoryStorage.swift; sourceTree = "<group>"; };
		73577737251051F100EAC3C0 /* MemoListViewController.swift */ = {isa = PBXFileReference; lastKnownFileType = sourcecode.swift; path = MemoListViewController.swift; sourceTree = "<group>"; };
		735777392510523100EAC3C0 /* MemoDetailViewController.swift */ = {isa = PBXFileReference; lastKnownFileType = sourcecode.swift; path = MemoDetailViewController.swift; sourceTree = "<group>"; };
		7357773B2510525A00EAC3C0 /* MemoComposeViewController.swift */ = {isa = PBXFileReference; lastKnownFileType = sourcecode.swift; path = MemoComposeViewController.swift; sourceTree = "<group>"; };
		7357774A251061E900EAC3C0 /* MemoListViewModel.swift */ = {isa = PBXFileReference; lastKnownFileType = sourcecode.swift; path = MemoListViewModel.swift; sourceTree = "<group>"; };
		7357774C2510622100EAC3C0 /* MemoDetailViewModel.swift */ = {isa = PBXFileReference; lastKnownFileType = sourcecode.swift; path = MemoDetailViewModel.swift; sourceTree = "<group>"; };
		735777502510624900EAC3C0 /* MemoComposeViewModel.swift */ = {isa = PBXFileReference; lastKnownFileType = sourcecode.swift; path = MemoComposeViewModel.swift; sourceTree = "<group>"; };
		735777522510626600EAC3C0 /* ViewModelBindableType.swift */ = {isa = PBXFileReference; lastKnownFileType = sourcecode.swift; path = ViewModelBindableType.swift; sourceTree = "<group>"; };
		735777542510641900EAC3C0 /* TransitionModel.swift */ = {isa = PBXFileReference; lastKnownFileType = sourcecode.swift; path = TransitionModel.swift; sourceTree = "<group>"; };
		735777562510649700EAC3C0 /* Scene.swift */ = {isa = PBXFileReference; lastKnownFileType = sourcecode.swift; path = Scene.swift; sourceTree = "<group>"; };
		7357775825106C9800EAC3C0 /* SceneCoordinatorType.swift */ = {isa = PBXFileReference; lastKnownFileType = sourcecode.swift; path = SceneCoordinatorType.swift; sourceTree = "<group>"; };
		7357775A25106D7900EAC3C0 /* SceneCoordinator.swift */ = {isa = PBXFileReference; lastKnownFileType = sourcecode.swift; path = SceneCoordinator.swift; sourceTree = "<group>"; };
		7357775C2510715200EAC3C0 /* CommonViewModel.swift */ = {isa = PBXFileReference; lastKnownFileType = sourcecode.swift; path = CommonViewModel.swift; sourceTree = "<group>"; };
		737B1A4D251044FF001812D8 /* Memo.swift */ = {isa = PBXFileReference; lastKnownFileType = sourcecode.swift; path = Memo.swift; sourceTree = "<group>"; };
		737B1A4F2510460C001812D8 /* MemoStorageType.swift */ = {isa = PBXFileReference; lastKnownFileType = sourcecode.swift; path = MemoStorageType.swift; sourceTree = "<group>"; };
		73C9EB6D2524713200EA65BD /* MemoImageViewModel.swift */ = {isa = PBXFileReference; lastKnownFileType = sourcecode.swift; path = MemoImageViewModel.swift; sourceTree = "<group>"; };
		73C9EB71252476AE00EA65BD /* MemoImageViewViewController.swift */ = {isa = PBXFileReference; lastKnownFileType = sourcecode.swift; path = MemoImageViewViewController.swift; sourceTree = "<group>"; };
/* End PBXFileReference section */

/* Begin PBXFrameworksBuildPhase section */
		73215E2A24E22FC20063591C /* Frameworks */ = {
			isa = PBXFrameworksBuildPhase;
			buildActionMask = 2147483647;
			files = (
				1F577AC00114206793B6CFF5 /* Pods_rxMemo.framework in Frameworks */,
			);
			runOnlyForDeploymentPostprocessing = 0;
		};
/* End PBXFrameworksBuildPhase section */

/* Begin PBXGroup section */
		73215E2424E22FC20063591C = {
			isa = PBXGroup;
			children = (
				73215E2F24E22FC20063591C /* rxMemo */,
				73215E2E24E22FC20063591C /* Products */,
				91D3AC55171A1D0D1FC4BC45 /* Pods */,
				8918D57AC04E7FFB19D70DD3 /* Frameworks */,
			);
			sourceTree = "<group>";
		};
		73215E2E24E22FC20063591C /* Products */ = {
			isa = PBXGroup;
			children = (
				73215E2D24E22FC20063591C /* rxMemo.app */,
			);
			name = Products;
			sourceTree = "<group>";
		};
		73215E2F24E22FC20063591C /* rxMemo */ = {
			isa = PBXGroup;
			children = (
				73C04E7F24E8147600A197EA /* Service */,
				73C04E8024E8148000A197EA /* Scene */,
				73C04E7C24E8145600A197EA /* Model */,
				73577749251061CB00EAC3C0 /* ViewModel */,
				73C04E7D24E8146000A197EA /* ViewController */,
				73215E3024E22FC20063591C /* AppDelegate.swift */,
				73215E3224E22FC20063591C /* SceneDelegate.swift */,
				73215E3C24E22FC40063591C /* Assets.xcassets */,
				73215E4124E22FC40063591C /* Info.plist */,
			);
			path = rxMemo;
			sourceTree = "<group>";
		};
		7357773225104C6900EAC3C0 /* MemoStorage */ = {
			isa = PBXGroup;
			children = (
				7357773325104C7300EAC3C0 /* CoreDataStorage */,
				7357773525104C9F00EAC3C0 /* MemoryStorage.swift */,
			);
			path = MemoStorage;
			sourceTree = "<group>";
		};
		7357773325104C7300EAC3C0 /* CoreDataStorage */ = {
			isa = PBXGroup;
			children = (
				73215E3924E22FC20063591C /* rxMemo.xcdatamodeld */,
			);
			path = CoreDataStorage;
			sourceTree = "<group>";
		};
		73577749251061CB00EAC3C0 /* ViewModel */ = {
			isa = PBXGroup;
			children = (
				7357774A251061E900EAC3C0 /* MemoListViewModel.swift */,
				7357774C2510622100EAC3C0 /* MemoDetailViewModel.swift */,
				735777502510624900EAC3C0 /* MemoComposeViewModel.swift */,
				73C9EB6D2524713200EA65BD /* MemoImageViewModel.swift */,
				735777522510626600EAC3C0 /* ViewModelBindableType.swift */,
				7357775C2510715200EAC3C0 /* CommonViewModel.swift */,
			);
			path = ViewModel;
			sourceTree = "<group>";
		};
		73C04E7C24E8145600A197EA /* Model */ = {
			isa = PBXGroup;
			children = (
				737B1A4D251044FF001812D8 /* Memo.swift */,
			);
			path = Model;
			sourceTree = "<group>";
		};
		73C04E7D24E8146000A197EA /* ViewController */ = {
			isa = PBXGroup;
			children = (
				73215E3624E22FC20063591C /* Main.storyboard */,
				73215E3E24E22FC40063591C /* LaunchScreen.storyboard */,
				73577737251051F100EAC3C0 /* MemoListViewController.swift */,
				735777392510523100EAC3C0 /* MemoDetailViewController.swift */,
				7357773B2510525A00EAC3C0 /* MemoComposeViewController.swift */,
				73C9EB71252476AE00EA65BD /* MemoImageViewViewController.swift */,
			);
			path = ViewController;
			sourceTree = "<group>";
		};
		73C04E7F24E8147600A197EA /* Service */ = {
			isa = PBXGroup;
			children = (
				7357773225104C6900EAC3C0 /* MemoStorage */,
				737B1A4F2510460C001812D8 /* MemoStorageType.swift */,
			);
			path = Service;
			sourceTree = "<group>";
		};
		73C04E8024E8148000A197EA /* Scene */ = {
			isa = PBXGroup;
			children = (
				735777542510641900EAC3C0 /* TransitionModel.swift */,
				735777562510649700EAC3C0 /* Scene.swift */,
				7357775825106C9800EAC3C0 /* SceneCoordinatorType.swift */,
				7357775A25106D7900EAC3C0 /* SceneCoordinator.swift */,
			);
			path = Scene;
			sourceTree = "<group>";
		};
		8918D57AC04E7FFB19D70DD3 /* Frameworks */ = {
			isa = PBXGroup;
			children = (
				499DF2EB9138799F56ADAFBB /* Pods_rxMemo.framework */,
			);
			name = Frameworks;
			sourceTree = "<group>";
		};
		91D3AC55171A1D0D1FC4BC45 /* Pods */ = {
			isa = PBXGroup;
			children = (
				1E9B1714E40F118EBC60147B /* Pods-rxMemo.debug.xcconfig */,
				40CB8C0E51D1540FF87A92B5 /* Pods-rxMemo.release.xcconfig */,
			);
			path = Pods;
			sourceTree = "<group>";
		};
/* End PBXGroup section */

/* Begin PBXNativeTarget section */
		73215E2C24E22FC20063591C /* rxMemo */ = {
			isa = PBXNativeTarget;
			buildConfigurationList = 73215E4424E22FC40063591C /* Build configuration list for PBXNativeTarget "rxMemo" */;
			buildPhases = (
				F235137C573C32B38DDCC648 /* [CP] Check Pods Manifest.lock */,
				73215E2924E22FC20063591C /* Sources */,
				73215E2A24E22FC20063591C /* Frameworks */,
				73215E2B24E22FC20063591C /* Resources */,
				1A100F2EBD68B5923A20D322 /* [CP] Embed Pods Frameworks */,
			);
			buildRules = (
			);
			dependencies = (
			);
			name = rxMemo;
			productName = rxMemo;
			productReference = 73215E2D24E22FC20063591C /* rxMemo.app */;
			productType = "com.apple.product-type.application";
		};
/* End PBXNativeTarget section */

/* Begin PBXProject section */
		73215E2524E22FC20063591C /* Project object */ = {
			isa = PBXProject;
			attributes = {
				LastSwiftUpdateCheck = 1160;
				LastUpgradeCheck = 1160;
				ORGANIZATIONNAME = "Moon HyoJae";
				TargetAttributes = {
					73215E2C24E22FC20063591C = {
						CreatedOnToolsVersion = 11.6;
					};
				};
			};
			buildConfigurationList = 73215E2824E22FC20063591C /* Build configuration list for PBXProject "rxMemo" */;
			compatibilityVersion = "Xcode 9.3";
			developmentRegion = en;
			hasScannedForEncodings = 0;
			knownRegions = (
				en,
				Base,
			);
			mainGroup = 73215E2424E22FC20063591C;
			productRefGroup = 73215E2E24E22FC20063591C /* Products */;
			projectDirPath = "";
			projectRoot = "";
			targets = (
				73215E2C24E22FC20063591C /* rxMemo */,
			);
		};
/* End PBXProject section */

/* Begin PBXResourcesBuildPhase section */
		73215E2B24E22FC20063591C /* Resources */ = {
			isa = PBXResourcesBuildPhase;
			buildActionMask = 2147483647;
			files = (
				73215E4024E22FC40063591C /* LaunchScreen.storyboard in Resources */,
				73215E3D24E22FC40063591C /* Assets.xcassets in Resources */,
				73215E3824E22FC20063591C /* Main.storyboard in Resources */,
			);
			runOnlyForDeploymentPostprocessing = 0;
		};
/* End PBXResourcesBuildPhase section */

/* Begin PBXShellScriptBuildPhase section */
		1A100F2EBD68B5923A20D322 /* [CP] Embed Pods Frameworks */ = {
			isa = PBXShellScriptBuildPhase;
			buildActionMask = 2147483647;
			files = (
			);
			inputFileListPaths = (
				"${PODS_ROOT}/Target Support Files/Pods-rxMemo/Pods-rxMemo-frameworks-${CONFIGURATION}-input-files.xcfilelist",
			);
			name = "[CP] Embed Pods Frameworks";
			outputFileListPaths = (
				"${PODS_ROOT}/Target Support Files/Pods-rxMemo/Pods-rxMemo-frameworks-${CONFIGURATION}-output-files.xcfilelist",
			);
			runOnlyForDeploymentPostprocessing = 0;
			shellPath = /bin/sh;
			shellScript = "\"${PODS_ROOT}/Target Support Files/Pods-rxMemo/Pods-rxMemo-frameworks.sh\"\n";
			showEnvVarsInLog = 0;
		};
		F235137C573C32B38DDCC648 /* [CP] Check Pods Manifest.lock */ = {
			isa = PBXShellScriptBuildPhase;
			buildActionMask = 2147483647;
			files = (
			);
			inputFileListPaths = (
			);
			inputPaths = (
				"${PODS_PODFILE_DIR_PATH}/Podfile.lock",
				"${PODS_ROOT}/Manifest.lock",
			);
			name = "[CP] Check Pods Manifest.lock";
			outputFileListPaths = (
			);
			outputPaths = (
				"$(DERIVED_FILE_DIR)/Pods-rxMemo-checkManifestLockResult.txt",
			);
			runOnlyForDeploymentPostprocessing = 0;
			shellPath = /bin/sh;
			shellScript = "diff \"${PODS_PODFILE_DIR_PATH}/Podfile.lock\" \"${PODS_ROOT}/Manifest.lock\" > /dev/null\nif [ $? != 0 ] ; then\n    # print error to STDERR\n    echo \"error: The sandbox is not in sync with the Podfile.lock. Run 'pod install' or update your CocoaPods installation.\" >&2\n    exit 1\nfi\n# This output is used by Xcode 'outputs' to avoid re-running this script phase.\necho \"SUCCESS\" > \"${SCRIPT_OUTPUT_FILE_0}\"\n";
			showEnvVarsInLog = 0;
		};
/* End PBXShellScriptBuildPhase section */

/* Begin PBXSourcesBuildPhase section */
		73215E2924E22FC20063591C /* Sources */ = {
			isa = PBXSourcesBuildPhase;
			buildActionMask = 2147483647;
			files = (
				73C9EB6E2524713200EA65BD /* MemoImageViewModel.swift in Sources */,
				7357774B251061E900EAC3C0 /* MemoListViewModel.swift in Sources */,
				735777512510624900EAC3C0 /* MemoComposeViewModel.swift in Sources */,
				7357775B25106D7900EAC3C0 /* SceneCoordinator.swift in Sources */,
				735777572510649700EAC3C0 /* Scene.swift in Sources */,
				7357773625104C9F00EAC3C0 /* MemoryStorage.swift in Sources */,
				735777532510626600EAC3C0 /* ViewModelBindableType.swift in Sources */,
				7357773A2510523100EAC3C0 /* MemoDetailViewController.swift in Sources */,
				73215E3124E22FC20063591C /* AppDelegate.swift in Sources */,
				73C9EB72252476AE00EA65BD /* MemoImageViewViewController.swift in Sources */,
				737B1A502510460C001812D8 /* MemoStorageType.swift in Sources */,
				73215E3324E22FC20063591C /* SceneDelegate.swift in Sources */,
				7357775925106C9800EAC3C0 /* SceneCoordinatorType.swift in Sources */,
				73215E3B24E22FC20063591C /* rxMemo.xcdatamodeld in Sources */,
				7357774D2510622100EAC3C0 /* MemoDetailViewModel.swift in Sources */,
				7357775D2510715200EAC3C0 /* CommonViewModel.swift in Sources */,
				735777552510641900EAC3C0 /* TransitionModel.swift in Sources */,
				73577738251051F100EAC3C0 /* MemoListViewController.swift in Sources */,
				7357773C2510525A00EAC3C0 /* MemoComposeViewController.swift in Sources */,
				737B1A4E251044FF001812D8 /* Memo.swift in Sources */,
			);
			runOnlyForDeploymentPostprocessing = 0;
		};
/* End PBXSourcesBuildPhase section */

/* Begin PBXVariantGroup section */
		73215E3624E22FC20063591C /* Main.storyboard */ = {
			isa = PBXVariantGroup;
			children = (
				73215E3724E22FC20063591C /* Base */,
			);
			name = Main.storyboard;
			sourceTree = "<group>";
		};
		73215E3E24E22FC40063591C /* LaunchScreen.storyboard */ = {
			isa = PBXVariantGroup;
			children = (
				73215E3F24E22FC40063591C /* Base */,
			);
			name = LaunchScreen.storyboard;
			sourceTree = "<group>";
		};
/* End PBXVariantGroup section */

/* Begin XCBuildConfiguration section */
		73215E4224E22FC40063591C /* Debug */ = {
			isa = XCBuildConfiguration;
			buildSettings = {
				ALWAYS_SEARCH_USER_PATHS = NO;
				CLANG_ANALYZER_NONNULL = YES;
				CLANG_ANALYZER_NUMBER_OBJECT_CONVERSION = YES_AGGRESSIVE;
				CLANG_CXX_LANGUAGE_STANDARD = "gnu++14";
				CLANG_CXX_LIBRARY = "libc++";
				CLANG_ENABLE_MODULES = YES;
				CLANG_ENABLE_OBJC_ARC = YES;
				CLANG_ENABLE_OBJC_WEAK = YES;
				CLANG_WARN_BLOCK_CAPTURE_AUTORELEASING = YES;
				CLANG_WARN_BOOL_CONVERSION = YES;
				CLANG_WARN_COMMA = YES;
				CLANG_WARN_CONSTANT_CONVERSION = YES;
				CLANG_WARN_DEPRECATED_OBJC_IMPLEMENTATIONS = YES;
				CLANG_WARN_DIRECT_OBJC_ISA_USAGE = YES_ERROR;
				CLANG_WARN_DOCUMENTATION_COMMENTS = YES;
				CLANG_WARN_EMPTY_BODY = YES;
				CLANG_WARN_ENUM_CONVERSION = YES;
				CLANG_WARN_INFINITE_RECURSION = YES;
				CLANG_WARN_INT_CONVERSION = YES;
				CLANG_WARN_NON_LITERAL_NULL_CONVERSION = YES;
				CLANG_WARN_OBJC_IMPLICIT_RETAIN_SELF = YES;
				CLANG_WARN_OBJC_LITERAL_CONVERSION = YES;
				CLANG_WARN_OBJC_ROOT_CLASS = YES_ERROR;
				CLANG_WARN_RANGE_LOOP_ANALYSIS = YES;
				CLANG_WARN_STRICT_PROTOTYPES = YES;
				CLANG_WARN_SUSPICIOUS_MOVE = YES;
				CLANG_WARN_UNGUARDED_AVAILABILITY = YES_AGGRESSIVE;
				CLANG_WARN_UNREACHABLE_CODE = YES;
				CLANG_WARN__DUPLICATE_METHOD_MATCH = YES;
				COPY_PHASE_STRIP = NO;
				DEBUG_INFORMATION_FORMAT = dwarf;
				ENABLE_STRICT_OBJC_MSGSEND = YES;
				ENABLE_TESTABILITY = YES;
				GCC_C_LANGUAGE_STANDARD = gnu11;
				GCC_DYNAMIC_NO_PIC = NO;
				GCC_NO_COMMON_BLOCKS = YES;
				GCC_OPTIMIZATION_LEVEL = 0;
				GCC_PREPROCESSOR_DEFINITIONS = (
					"DEBUG=1",
					"$(inherited)",
				);
				GCC_WARN_64_TO_32_BIT_CONVERSION = YES;
				GCC_WARN_ABOUT_RETURN_TYPE = YES_ERROR;
				GCC_WARN_UNDECLARED_SELECTOR = YES;
				GCC_WARN_UNINITIALIZED_AUTOS = YES_AGGRESSIVE;
				GCC_WARN_UNUSED_FUNCTION = YES;
				GCC_WARN_UNUSED_VARIABLE = YES;
				IPHONEOS_DEPLOYMENT_TARGET = 13.6;
				MTL_ENABLE_DEBUG_INFO = INCLUDE_SOURCE;
				MTL_FAST_MATH = YES;
				ONLY_ACTIVE_ARCH = YES;
				SDKROOT = iphoneos;
				SWIFT_ACTIVE_COMPILATION_CONDITIONS = DEBUG;
				SWIFT_OPTIMIZATION_LEVEL = "-Onone";
			};
			name = Debug;
		};
		73215E4324E22FC40063591C /* Release */ = {
			isa = XCBuildConfiguration;
			buildSettings = {
				ALWAYS_SEARCH_USER_PATHS = NO;
				CLANG_ANALYZER_NONNULL = YES;
				CLANG_ANALYZER_NUMBER_OBJECT_CONVERSION = YES_AGGRESSIVE;
				CLANG_CXX_LANGUAGE_STANDARD = "gnu++14";
				CLANG_CXX_LIBRARY = "libc++";
				CLANG_ENABLE_MODULES = YES;
				CLANG_ENABLE_OBJC_ARC = YES;
				CLANG_ENABLE_OBJC_WEAK = YES;
				CLANG_WARN_BLOCK_CAPTURE_AUTORELEASING = YES;
				CLANG_WARN_BOOL_CONVERSION = YES;
				CLANG_WARN_COMMA = YES;
				CLANG_WARN_CONSTANT_CONVERSION = YES;
				CLANG_WARN_DEPRECATED_OBJC_IMPLEMENTATIONS = YES;
				CLANG_WARN_DIRECT_OBJC_ISA_USAGE = YES_ERROR;
				CLANG_WARN_DOCUMENTATION_COMMENTS = YES;
				CLANG_WARN_EMPTY_BODY = YES;
				CLANG_WARN_ENUM_CONVERSION = YES;
				CLANG_WARN_INFINITE_RECURSION = YES;
				CLANG_WARN_INT_CONVERSION = YES;
				CLANG_WARN_NON_LITERAL_NULL_CONVERSION = YES;
				CLANG_WARN_OBJC_IMPLICIT_RETAIN_SELF = YES;
				CLANG_WARN_OBJC_LITERAL_CONVERSION = YES;
				CLANG_WARN_OBJC_ROOT_CLASS = YES_ERROR;
				CLANG_WARN_RANGE_LOOP_ANALYSIS = YES;
				CLANG_WARN_STRICT_PROTOTYPES = YES;
				CLANG_WARN_SUSPICIOUS_MOVE = YES;
				CLANG_WARN_UNGUARDED_AVAILABILITY = YES_AGGRESSIVE;
				CLANG_WARN_UNREACHABLE_CODE = YES;
				CLANG_WARN__DUPLICATE_METHOD_MATCH = YES;
				COPY_PHASE_STRIP = NO;
				DEBUG_INFORMATION_FORMAT = "dwarf-with-dsym";
				ENABLE_NS_ASSERTIONS = NO;
				ENABLE_STRICT_OBJC_MSGSEND = YES;
				GCC_C_LANGUAGE_STANDARD = gnu11;
				GCC_NO_COMMON_BLOCKS = YES;
				GCC_WARN_64_TO_32_BIT_CONVERSION = YES;
				GCC_WARN_ABOUT_RETURN_TYPE = YES_ERROR;
				GCC_WARN_UNDECLARED_SELECTOR = YES;
				GCC_WARN_UNINITIALIZED_AUTOS = YES_AGGRESSIVE;
				GCC_WARN_UNUSED_FUNCTION = YES;
				GCC_WARN_UNUSED_VARIABLE = YES;
				IPHONEOS_DEPLOYMENT_TARGET = 13.6;
				MTL_ENABLE_DEBUG_INFO = NO;
				MTL_FAST_MATH = YES;
				SDKROOT = iphoneos;
				SWIFT_COMPILATION_MODE = wholemodule;
				SWIFT_OPTIMIZATION_LEVEL = "-O";
				VALIDATE_PRODUCT = YES;
			};
			name = Release;
		};
		73215E4524E22FC40063591C /* Debug */ = {
			isa = XCBuildConfiguration;
			baseConfigurationReference = 1E9B1714E40F118EBC60147B /* Pods-rxMemo.debug.xcconfig */;
			buildSettings = {
				ASSETCATALOG_COMPILER_APPICON_NAME = AppIcon;
				CODE_SIGN_IDENTITY = "Apple Development";
				CODE_SIGN_STYLE = Automatic;
				DEVELOPMENT_TEAM = QL44HLLM22;
				INFOPLIST_FILE = rxMemo/Info.plist;
				LD_RUNPATH_SEARCH_PATHS = (
					"$(inherited)",
					"@executable_path/Frameworks",
				);
				PRODUCT_BUNDLE_IDENTIFIER = com.moon.rxMemo;
				PRODUCT_NAME = "$(TARGET_NAME)";
				PROVISIONING_PROFILE_SPECIFIER = "";
				SWIFT_VERSION = 5.0;
				TARGETED_DEVICE_FAMILY = "1,2";
			};
			name = Debug;
		};
		73215E4624E22FC40063591C /* Release */ = {
			isa = XCBuildConfiguration;
			baseConfigurationReference = 40CB8C0E51D1540FF87A92B5 /* Pods-rxMemo.release.xcconfig */;
			buildSettings = {
				ASSETCATALOG_COMPILER_APPICON_NAME = AppIcon;
				CODE_SIGN_IDENTITY = "Apple Development";
				CODE_SIGN_STYLE = Automatic;
				DEVELOPMENT_TEAM = QL44HLLM22;
				INFOPLIST_FILE = rxMemo/Info.plist;
				LD_RUNPATH_SEARCH_PATHS = (
					"$(inherited)",
					"@executable_path/Frameworks",
				);
				PRODUCT_BUNDLE_IDENTIFIER = com.moon.rxMemo;
				PRODUCT_NAME = "$(TARGET_NAME)";
				PROVISIONING_PROFILE_SPECIFIER = "";
				SWIFT_VERSION = 5.0;
				TARGETED_DEVICE_FAMILY = "1,2";
			};
			name = Release;
		};
/* End XCBuildConfiguration section */

/* Begin XCConfigurationList section */
		73215E2824E22FC20063591C /* Build configuration list for PBXProject "rxMemo" */ = {
			isa = XCConfigurationList;
			buildConfigurations = (
				73215E4224E22FC40063591C /* Debug */,
				73215E4324E22FC40063591C /* Release */,
			);
			defaultConfigurationIsVisible = 0;
			defaultConfigurationName = Release;
		};
		73215E4424E22FC40063591C /* Build configuration list for PBXNativeTarget "rxMemo" */ = {
			isa = XCConfigurationList;
			buildConfigurations = (
				73215E4524E22FC40063591C /* Debug */,
				73215E4624E22FC40063591C /* Release */,
			);
			defaultConfigurationIsVisible = 0;
			defaultConfigurationName = Release;
		};
/* End XCConfigurationList section */

/* Begin XCVersionGroup section */
		73215E3924E22FC20063591C /* rxMemo.xcdatamodeld */ = {
			isa = XCVersionGroup;
			children = (
				73215E3A24E22FC20063591C /* rxMemo.xcdatamodel */,
			);
			currentVersion = 73215E3A24E22FC20063591C /* rxMemo.xcdatamodel */;
			path = rxMemo.xcdatamodeld;
			sourceTree = "<group>";
			versionGroupType = wrapper.xcdatamodel;
		};
/* End XCVersionGroup section */
	};
	rootObject = 73215E2524E22FC20063591C /* Project object */;
}
